
Microsoft Visual Studio Solution File, Format Version 12.00
# Visual Studio Version 17
VisualStudioVersion = 17.9.34728.123
MinimumVisualStudioVersion = 10.0.40219.1
Project("{9A19103F-16F7-4668-BE54-9A1E7A4F7556}") = "RegistroTecnicos", "RegistroTecnicos\RegistroTecnicos.csproj", "{A2B795D0-A8D8-4E68-8724-BC8DFBB4F3D8}"
EndProject
Global
	GlobalSection(SolutionConfigurationPlatforms) = preSolution
		Debug|Any CPU = Debug|Any CPU
		Release|Any CPU = Release|Any CPU
	EndGlobalSection
	GlobalSection(ProjectConfigurationPlatforms) = postSolution
		{A2B795D0-A8D8-4E68-8724-BC8DFBB4F3D8}.Debug|Any CPU.ActiveCfg = Debug|Any CPU
		{A2B795D0-A8D8-4E68-8724-BC8DFBB4F3D8}.Debug|Any CPU.Build.0 = Debug|Any CPU
		{A2B795D0-A8D8-4E68-8724-BC8DFBB4F3D8}.Release|Any CPU.ActiveCfg = Release|Any CPU
		{A2B795D0-A8D8-4E68-8724-BC8DFBB4F3D8}.Release|Any CPU.Build.0 = Release|Any CPU
	EndGlobalSection
	GlobalSection(SolutionProperties) = preSolution
		HideSolutionNode = FALSE
	EndGlobalSection
	GlobalSection(ExtensibilityGlobals) = postSolution
		SolutionGuid = {271B00FE-60B4-4020-AAC1-6DB71B2C7529}
	EndGlobalSection
EndGlobal
